
Microsoft Visual Studio Solution File, Format Version 12.00
# Visual Studio Version 17
VisualStudioVersion = 17.0.31903.59
MinimumVisualStudioVersion = 10.0.40219.1
Project("{2150E333-8FDC-42A3-9474-1A3956D46DE8}") = "src", "src", "{827E0CD3-B72D-47B6-A68D-7590B98EB39B}"
EndProject
Project("{FAE04EC0-301F-11D3-BF4B-00C04F79EFBC}") = "CoinBot.Api", "src\CoinBot.Api\CoinBot.Api.csproj", "{3FB119C6-D6DD-467B-AA19-D80087B810F7}"
EndProject
Project("{FAE04EC0-301F-11D3-BF4B-00C04F79EFBC}") = "CoinBot.Application", "src\CoinBot.Application\CoinBot.Application.csproj", "{FB2F6D2A-0675-499B-A737-9C37C0D99FAB}"
EndProject
Project("{FAE04EC0-301F-11D3-BF4B-00C04F79EFBC}") = "CoinBot.Contracts", "src\CoinBot.Contracts\CoinBot.Contracts.csproj", "{82FDD468-6949-44F4-A05C-D87869BC8A31}"
EndProject
Project("{FAE04EC0-301F-11D3-BF4B-00C04F79EFBC}") = "CoinBot.Domain", "src\CoinBot.Domain\CoinBot.Domain.csproj", "{11F34BD4-378F-41E9-A604-4D7D529C2D2E}"
EndProject
Project("{FAE04EC0-301F-11D3-BF4B-00C04F79EFBC}") = "CoinBot.Infrastructure", "src\CoinBot.Infrastructure\CoinBot.Infrastructure.csproj", "{8B07A41D-B075-4157-B6F5-2773A88A9C3C}"
EndProject
Project("{FAE04EC0-301F-11D3-BF4B-00C04F79EFBC}") = "CoinBot.SharedKernel", "src\CoinBot.SharedKernel\CoinBot.SharedKernel.csproj", "{62F6703D-B333-47B1-B6A8-B6B4A120A864}"
EndProject
Project("{FAE04EC0-301F-11D3-BF4B-00C04F79EFBC}") = "CoinBot.Web", "src\CoinBot.Web\CoinBot.Web.csproj", "{DCF8A5AE-2C97-4F8B-9852-852456B018F9}"
EndProject
Project("{FAE04EC0-301F-11D3-BF4B-00C04F79EFBC}") = "CoinBot.Worker", "src\CoinBot.Worker\CoinBot.Worker.csproj", "{E609A2B8-A94D-4BDD-9A6B-223FDDD74918}"
EndProject
Project("{2150E333-8FDC-42A3-9474-1A3956D46DE8}") = "tests", "tests", "{0AB3BF05-4346-4AA6-1389-037BE0695223}"
EndProject
Project("{FAE04EC0-301F-11D3-BF4B-00C04F79EFBC}") = "CoinBot.IntegrationTests", "tests\CoinBot.IntegrationTests\CoinBot.IntegrationTests.csproj", "{47C6935D-DC3A-44BE-ACCF-81A5A3D5A721}"
EndProject
Project("{FAE04EC0-301F-11D3-BF4B-00C04F79EFBC}") = "CoinBot.UnitTests", "tests\CoinBot.UnitTests\CoinBot.UnitTests.csproj", "{33768E79-38DB-44C5-8D25-123E6BDFC55C}"
EndProject
Global
	GlobalSection(SolutionConfigurationPlatforms) = preSolution
		Debug|Any CPU = Debug|Any CPU
		Debug|x64 = Debug|x64
		Debug|x86 = Debug|x86
		Release|Any CPU = Release|Any CPU
		Release|x64 = Release|x64
		Release|x86 = Release|x86
	EndGlobalSection
	GlobalSection(ProjectConfigurationPlatforms) = postSolution
		{3FB119C6-D6DD-467B-AA19-D80087B810F7}.Debug|Any CPU.ActiveCfg = Debug|Any CPU
		{3FB119C6-D6DD-467B-AA19-D80087B810F7}.Debug|Any CPU.Build.0 = Debug|Any CPU
		{3FB119C6-D6DD-467B-AA19-D80087B810F7}.Debug|x64.ActiveCfg = Debug|Any CPU
		{3FB119C6-D6DD-467B-AA19-D80087B810F7}.Debug|x64.Build.0 = Debug|Any CPU
		{3FB119C6-D6DD-467B-AA19-D80087B810F7}.Debug|x86.ActiveCfg = Debug|Any CPU
		{3FB119C6-D6DD-467B-AA19-D80087B810F7}.Debug|x86.Build.0 = Debug|Any CPU
		{3FB119C6-D6DD-467B-AA19-D80087B810F7}.Release|Any CPU.ActiveCfg = Release|Any CPU
		{3FB119C6-D6DD-467B-AA19-D80087B810F7}.Release|Any CPU.Build.0 = Release|Any CPU
		{3FB119C6-D6DD-467B-AA19-D80087B810F7}.Release|x64.ActiveCfg = Release|Any CPU
		{3FB119C6-D6DD-467B-AA19-D80087B810F7}.Release|x64.Build.0 = Release|Any CPU
		{3FB119C6-D6DD-467B-AA19-D80087B810F7}.Release|x86.ActiveCfg = Release|Any CPU
		{3FB119C6-D6DD-467B-AA19-D80087B810F7}.Release|x86.Build.0 = Release|Any CPU
		{FB2F6D2A-0675-499B-A737-9C37C0D99FAB}.Debug|Any CPU.ActiveCfg = Debug|Any CPU
		{FB2F6D2A-0675-499B-A737-9C37C0D99FAB}.Debug|Any CPU.Build.0 = Debug|Any CPU
		{FB2F6D2A-0675-499B-A737-9C37C0D99FAB}.Debug|x64.ActiveCfg = Debug|Any CPU
		{FB2F6D2A-0675-499B-A737-9C37C0D99FAB}.Debug|x64.Build.0 = Debug|Any CPU
		{FB2F6D2A-0675-499B-A737-9C37C0D99FAB}.Debug|x86.ActiveCfg = Debug|Any CPU
		{FB2F6D2A-0675-499B-A737-9C37C0D99FAB}.Debug|x86.Build.0 = Debug|Any CPU
		{FB2F6D2A-0675-499B-A737-9C37C0D99FAB}.Release|Any CPU.ActiveCfg = Release|Any CPU
		{FB2F6D2A-0675-499B-A737-9C37C0D99FAB}.Release|Any CPU.Build.0 = Release|Any CPU
		{FB2F6D2A-0675-499B-A737-9C37C0D99FAB}.Release|x64.ActiveCfg = Release|Any CPU
		{FB2F6D2A-0675-499B-A737-9C37C0D99FAB}.Release|x64.Build.0 = Release|Any CPU
		{FB2F6D2A-0675-499B-A737-9C37C0D99FAB}.Release|x86.ActiveCfg = Release|Any CPU
		{FB2F6D2A-0675-499B-A737-9C37C0D99FAB}.Release|x86.Build.0 = Release|Any CPU
		{82FDD468-6949-44F4-A05C-D87869BC8A31}.Debug|Any CPU.ActiveCfg = Debug|Any CPU
		{82FDD468-6949-44F4-A05C-D87869BC8A31}.Debug|Any CPU.Build.0 = Debug|Any CPU
		{82FDD468-6949-44F4-A05C-D87869BC8A31}.Debug|x64.ActiveCfg = Debug|Any CPU
		{82FDD468-6949-44F4-A05C-D87869BC8A31}.Debug|x64.Build.0 = Debug|Any CPU
		{82FDD468-6949-44F4-A05C-D87869BC8A31}.Debug|x86.ActiveCfg = Debug|Any CPU
		{82FDD468-6949-44F4-A05C-D87869BC8A31}.Debug|x86.Build.0 = Debug|Any CPU
		{82FDD468-6949-44F4-A05C-D87869BC8A31}.Release|Any CPU.ActiveCfg = Release|Any CPU
		{82FDD468-6949-44F4-A05C-D87869BC8A31}.Release|Any CPU.Build.0 = Release|Any CPU
		{82FDD468-6949-44F4-A05C-D87869BC8A31}.Release|x64.ActiveCfg = Release|Any CPU
		{82FDD468-6949-44F4-A05C-D87869BC8A31}.Release|x64.Build.0 = Release|Any CPU
		{82FDD468-6949-44F4-A05C-D87869BC8A31}.Release|x86.ActiveCfg = Release|Any CPU
		{82FDD468-6949-44F4-A05C-D87869BC8A31}.Release|x86.Build.0 = Release|Any CPU
		{11F34BD4-378F-41E9-A604-4D7D529C2D2E}.Debug|Any CPU.ActiveCfg = Debug|Any CPU
		{11F34BD4-378F-41E9-A604-4D7D529C2D2E}.Debug|Any CPU.Build.0 = Debug|Any CPU
		{11F34BD4-378F-41E9-A604-4D7D529C2D2E}.Debug|x64.ActiveCfg = Debug|Any CPU
		{11F34BD4-378F-41E9-A604-4D7D529C2D2E}.Debug|x64.Build.0 = Debug|Any CPU
		{11F34BD4-378F-41E9-A604-4D7D529C2D2E}.Debug|x86.ActiveCfg = Debug|Any CPU
		{11F34BD4-378F-41E9-A604-4D7D529C2D2E}.Debug|x86.Build.0 = Debug|Any CPU
		{11F34BD4-378F-41E9-A604-4D7D529C2D2E}.Release|Any CPU.ActiveCfg = Release|Any CPU
		{11F34BD4-378F-41E9-A604-4D7D529C2D2E}.Release|Any CPU.Build.0 = Release|Any CPU
		{11F34BD4-378F-41E9-A604-4D7D529C2D2E}.Release|x64.ActiveCfg = Release|Any CPU
		{11F34BD4-378F-41E9-A604-4D7D529C2D2E}.Release|x64.Build.0 = Release|Any CPU
		{11F34BD4-378F-41E9-A604-4D7D529C2D2E}.Release|x86.ActiveCfg = Release|Any CPU
		{11F34BD4-378F-41E9-A604-4D7D529C2D2E}.Release|x86.Build.0 = Release|Any CPU
		{8B07A41D-B075-4157-B6F5-2773A88A9C3C}.Debug|Any CPU.ActiveCfg = Debug|Any CPU
		{8B07A41D-B075-4157-B6F5-2773A88A9C3C}.Debug|Any CPU.Build.0 = Debug|Any CPU
		{8B07A41D-B075-4157-B6F5-2773A88A9C3C}.Debug|x64.ActiveCfg = Debug|Any CPU
		{8B07A41D-B075-4157-B6F5-2773A88A9C3C}.Debug|x64.Build.0 = Debug|Any CPU
		{8B07A41D-B075-4157-B6F5-2773A88A9C3C}.Debug|x86.ActiveCfg = Debug|Any CPU
		{8B07A41D-B075-4157-B6F5-2773A88A9C3C}.Debug|x86.Build.0 = Debug|Any CPU
		{8B07A41D-B075-4157-B6F5-2773A88A9C3C}.Release|Any CPU.ActiveCfg = Release|Any CPU
		{8B07A41D-B075-4157-B6F5-2773A88A9C3C}.Release|Any CPU.Build.0 = Release|Any CPU
		{8B07A41D-B075-4157-B6F5-2773A88A9C3C}.Release|x64.ActiveCfg = Release|Any CPU
		{8B07A41D-B075-4157-B6F5-2773A88A9C3C}.Release|x64.Build.0 = Release|Any CPU
		{8B07A41D-B075-4157-B6F5-2773A88A9C3C}.Release|x86.ActiveCfg = Release|Any CPU
		{8B07A41D-B075-4157-B6F5-2773A88A9C3C}.Release|x86.Build.0 = Release|Any CPU
		{62F6703D-B333-47B1-B6A8-B6B4A120A864}.Debug|Any CPU.ActiveCfg = Debug|Any CPU
		{62F6703D-B333-47B1-B6A8-B6B4A120A864}.Debug|Any CPU.Build.0 = Debug|Any CPU
		{62F6703D-B333-47B1-B6A8-B6B4A120A864}.Debug|x64.ActiveCfg = Debug|Any CPU
		{62F6703D-B333-47B1-B6A8-B6B4A120A864}.Debug|x64.Build.0 = Debug|Any CPU
		{62F6703D-B333-47B1-B6A8-B6B4A120A864}.Debug|x86.ActiveCfg = Debug|Any CPU
		{62F6703D-B333-47B1-B6A8-B6B4A120A864}.Debug|x86.Build.0 = Debug|Any CPU
		{62F6703D-B333-47B1-B6A8-B6B4A120A864}.Release|Any CPU.ActiveCfg = Release|Any CPU
		{62F6703D-B333-47B1-B6A8-B6B4A120A864}.Release|Any CPU.Build.0 = Release|Any CPU
		{62F6703D-B333-47B1-B6A8-B6B4A120A864}.Release|x64.ActiveCfg = Release|Any CPU
		{62F6703D-B333-47B1-B6A8-B6B4A120A864}.Release|x64.Build.0 = Release|Any CPU
		{62F6703D-B333-47B1-B6A8-B6B4A120A864}.Release|x86.ActiveCfg = Release|Any CPU
		{62F6703D-B333-47B1-B6A8-B6B4A120A864}.Release|x86.Build.0 = Release|Any CPU
		{DCF8A5AE-2C97-4F8B-9852-852456B018F9}.Debug|Any CPU.ActiveCfg = Debug|Any CPU
		{DCF8A5AE-2C97-4F8B-9852-852456B018F9}.Debug|Any CPU.Build.0 = Debug|Any CPU
		{DCF8A5AE-2C97-4F8B-9852-852456B018F9}.Debug|x64.ActiveCfg = Debug|Any CPU
		{DCF8A5AE-2C97-4F8B-9852-852456B018F9}.Debug|x64.Build.0 = Debug|Any CPU
		{DCF8A5AE-2C97-4F8B-9852-852456B018F9}.Debug|x86.ActiveCfg = Debug|Any CPU
		{DCF8A5AE-2C97-4F8B-9852-852456B018F9}.Debug|x86.Build.0 = Debug|Any CPU
		{DCF8A5AE-2C97-4F8B-9852-852456B018F9}.Release|Any CPU.ActiveCfg = Release|Any CPU
		{DCF8A5AE-2C97-4F8B-9852-852456B018F9}.Release|Any CPU.Build.0 = Release|Any CPU
		{DCF8A5AE-2C97-4F8B-9852-852456B018F9}.Release|x64.ActiveCfg = Release|Any CPU
		{DCF8A5AE-2C97-4F8B-9852-852456B018F9}.Release|x64.Build.0 = Release|Any CPU
		{DCF8A5AE-2C97-4F8B-9852-852456B018F9}.Release|x86.ActiveCfg = Release|Any CPU
		{DCF8A5AE-2C97-4F8B-9852-852456B018F9}.Release|x86.Build.0 = Release|Any CPU
		{E609A2B8-A94D-4BDD-9A6B-223FDDD74918}.Debug|Any CPU.ActiveCfg = Debug|Any CPU
		{E609A2B8-A94D-4BDD-9A6B-223FDDD74918}.Debug|Any CPU.Build.0 = Debug|Any CPU
		{E609A2B8-A94D-4BDD-9A6B-223FDDD74918}.Debug|x64.ActiveCfg = Debug|Any CPU
		{E609A2B8-A94D-4BDD-9A6B-223FDDD74918}.Debug|x64.Build.0 = Debug|Any CPU
		{E609A2B8-A94D-4BDD-9A6B-223FDDD74918}.Debug|x86.ActiveCfg = Debug|Any CPU
		{E609A2B8-A94D-4BDD-9A6B-223FDDD74918}.Debug|x86.Build.0 = Debug|Any CPU
		{E609A2B8-A94D-4BDD-9A6B-223FDDD74918}.Release|Any CPU.ActiveCfg = Release|Any CPU
		{E609A2B8-A94D-4BDD-9A6B-223FDDD74918}.Release|Any CPU.Build.0 = Release|Any CPU
		{E609A2B8-A94D-4BDD-9A6B-223FDDD74918}.Release|x64.ActiveCfg = Release|Any CPU
		{E609A2B8-A94D-4BDD-9A6B-223FDDD74918}.Release|x64.Build.0 = Release|Any CPU
		{E609A2B8-A94D-4BDD-9A6B-223FDDD74918}.Release|x86.ActiveCfg = Release|Any CPU
		{E609A2B8-A94D-4BDD-9A6B-223FDDD74918}.Release|x86.Build.0 = Release|Any CPU
		{47C6935D-DC3A-44BE-ACCF-81A5A3D5A721}.Debug|Any CPU.ActiveCfg = Debug|Any CPU
		{47C6935D-DC3A-44BE-ACCF-81A5A3D5A721}.Debug|Any CPU.Build.0 = Debug|Any CPU
		{47C6935D-DC3A-44BE-ACCF-81A5A3D5A721}.Debug|x64.ActiveCfg = Debug|Any CPU
		{47C6935D-DC3A-44BE-ACCF-81A5A3D5A721}.Debug|x64.Build.0 = Debug|Any CPU
		{47C6935D-DC3A-44BE-ACCF-81A5A3D5A721}.Debug|x86.ActiveCfg = Debug|Any CPU
		{47C6935D-DC3A-44BE-ACCF-81A5A3D5A721}.Debug|x86.Build.0 = Debug|Any CPU
		{47C6935D-DC3A-44BE-ACCF-81A5A3D5A721}.Release|Any CPU.ActiveCfg = Release|Any CPU
		{47C6935D-DC3A-44BE-ACCF-81A5A3D5A721}.Release|Any CPU.Build.0 = Release|Any CPU
		{47C6935D-DC3A-44BE-ACCF-81A5A3D5A721}.Release|x64.ActiveCfg = Release|Any CPU
		{47C6935D-DC3A-44BE-ACCF-81A5A3D5A721}.Release|x64.Build.0 = Release|Any CPU
		{47C6935D-DC3A-44BE-ACCF-81A5A3D5A721}.Release|x86.ActiveCfg = Release|Any CPU
		{47C6935D-DC3A-44BE-ACCF-81A5A3D5A721}.Release|x86.Build.0 = Release|Any CPU
		{33768E79-38DB-44C5-8D25-123E6BDFC55C}.Debug|Any CPU.ActiveCfg = Debug|Any CPU
		{33768E79-38DB-44C5-8D25-123E6BDFC55C}.Debug|Any CPU.Build.0 = Debug|Any CPU
		{33768E79-38DB-44C5-8D25-123E6BDFC55C}.Debug|x64.ActiveCfg = Debug|Any CPU
		{33768E79-38DB-44C5-8D25-123E6BDFC55C}.Debug|x64.Build.0 = Debug|Any CPU
		{33768E79-38DB-44C5-8D25-123E6BDFC55C}.Debug|x86.ActiveCfg = Debug|Any CPU
		{33768E79-38DB-44C5-8D25-123E6BDFC55C}.Debug|x86.Build.0 = Debug|Any CPU
		{33768E79-38DB-44C5-8D25-123E6BDFC55C}.Release|Any CPU.ActiveCfg = Release|Any CPU
		{33768E79-38DB-44C5-8D25-123E6BDFC55C}.Release|Any CPU.Build.0 = Release|Any CPU
		{33768E79-38DB-44C5-8D25-123E6BDFC55C}.Release|x64.ActiveCfg = Release|Any CPU
		{33768E79-38DB-44C5-8D25-123E6BDFC55C}.Release|x64.Build.0 = Release|Any CPU
		{33768E79-38DB-44C5-8D25-123E6BDFC55C}.Release|x86.ActiveCfg = Release|Any CPU
		{33768E79-38DB-44C5-8D25-123E6BDFC55C}.Release|x86.Build.0 = Release|Any CPU
	EndGlobalSection
	GlobalSection(SolutionProperties) = preSolution
		HideSolutionNode = FALSE
	EndGlobalSection
	GlobalSection(NestedProjects) = preSolution
		{3FB119C6-D6DD-467B-AA19-D80087B810F7} = {827E0CD3-B72D-47B6-A68D-7590B98EB39B}
		{FB2F6D2A-0675-499B-A737-9C37C0D99FAB} = {827E0CD3-B72D-47B6-A68D-7590B98EB39B}
		{82FDD468-6949-44F4-A05C-D87869BC8A31} = {827E0CD3-B72D-47B6-A68D-7590B98EB39B}
		{11F34BD4-378F-41E9-A604-4D7D529C2D2E} = {827E0CD3-B72D-47B6-A68D-7590B98EB39B}
		{8B07A41D-B075-4157-B6F5-2773A88A9C3C} = {827E0CD3-B72D-47B6-A68D-7590B98EB39B}
		{62F6703D-B333-47B1-B6A8-B6B4A120A864} = {827E0CD3-B72D-47B6-A68D-7590B98EB39B}
		{DCF8A5AE-2C97-4F8B-9852-852456B018F9} = {827E0CD3-B72D-47B6-A68D-7590B98EB39B}
		{E609A2B8-A94D-4BDD-9A6B-223FDDD74918} = {827E0CD3-B72D-47B6-A68D-7590B98EB39B}
		{47C6935D-DC3A-44BE-ACCF-81A5A3D5A721} = {0AB3BF05-4346-4AA6-1389-037BE0695223}
		{33768E79-38DB-44C5-8D25-123E6BDFC55C} = {0AB3BF05-4346-4AA6-1389-037BE0695223}
	EndGlobalSection
EndGlobal
